
Microsoft Visual Studio Solution File, Format Version 12.00
# Visual Studio Version 17
VisualStudioVersion = 17.5.002.0
MinimumVisualStudioVersion = 10.0.40219.1
Project("{9A19103F-16F7-4668-BE54-9A1E7A4F7556}") = "Lection_2", "Lection_2.csproj", "{613DCB74-2116-46E4-847B-6FB6AAF9B11B}"
EndProject
Project("{9A19103F-16F7-4668-BE54-9A1E7A4F7556}") = "Task1", "Task1\Task1.csproj", "{C5F6DF48-2BCA-4492-8F22-990AB8380CB4}"
EndProject
Global
	GlobalSection(SolutionConfigurationPlatforms) = preSolution
		Debug|Any CPU = Debug|Any CPU
		Release|Any CPU = Release|Any CPU
	EndGlobalSection
	GlobalSection(ProjectConfigurationPlatforms) = postSolution
		{613DCB74-2116-46E4-847B-6FB6AAF9B11B}.Debug|Any CPU.ActiveCfg = Debug|Any CPU
		{613DCB74-2116-46E4-847B-6FB6AAF9B11B}.Debug|Any CPU.Build.0 = Debug|Any CPU
		{613DCB74-2116-46E4-847B-6FB6AAF9B11B}.Release|Any CPU.ActiveCfg = Release|Any CPU
		{613DCB74-2116-46E4-847B-6FB6AAF9B11B}.Release|Any CPU.Build.0 = Release|Any CPU
		{C5F6DF48-2BCA-4492-8F22-990AB8380CB4}.Debug|Any CPU.ActiveCfg = Debug|Any CPU
		{C5F6DF48-2BCA-4492-8F22-990AB8380CB4}.Debug|Any CPU.Build.0 = Debug|Any CPU
		{C5F6DF48-2BCA-4492-8F22-990AB8380CB4}.Release|Any CPU.ActiveCfg = Release|Any CPU
		{C5F6DF48-2BCA-4492-8F22-990AB8380CB4}.Release|Any CPU.Build.0 = Release|Any CPU
	EndGlobalSection
	GlobalSection(SolutionProperties) = preSolution
		HideSolutionNode = FALSE
	EndGlobalSection
	GlobalSection(ExtensibilityGlobals) = postSolution
		SolutionGuid = {0D447240-0422-476B-BEC6-2A34E39869C8}
	EndGlobalSection
EndGlobal
